
Microsoft Visual Studio Solution File, Format Version 12.00
# Visual Studio Version 17
VisualStudioVersion = 17.0.31903.59
MinimumVisualStudioVersion = 10.0.40219.1

Project("{9A19103F-16F7-4668-BE54-9A1E7A4F7556}") = "compiler-sharp", "compiler-sharp\compiler-sharp.csproj", "{9E06F43B-6DA1-4E6D-8222-999738E8AB67}"
EndProject

Project("{9A19103F-16F7-4668-BE54-9A1E7A4F7556}") = "compiler-sharp-cli", "compiler-sharp-cli\compiler-sharp-cli.csproj", "{276C4A31-C4BF-4490-8010-3F35D4B07E9F}"
EndProject

Project("{9A19103F-16F7-4668-BE54-9A1E7A4F7556}") = "compiler-sharp-wasm", "compiler-sharp-wasm\compiler-sharp-wasm.csproj", "{26E78423-D5C9-4A8C-9F83-2B357727CA83}"
EndProject

Global
	GlobalSection(SolutionConfigurationPlatforms) = preSolution
		Debug|Any CPU = Debug|Any CPU
		Release|Any CPU = Release|Any CPU
	EndGlobalSection

	GlobalSection(ProjectConfigurationPlatforms) = postSolution
		{9E06F43B-6DA1-4E6D-8222-999738E8AB67}.Debug|Any CPU.ActiveCfg = Debug|Any CPU
		{9E06F43B-6DA1-4E6D-8222-999738E8AB67}.Debug|Any CPU.Build.0 = Debug|Any CPU
		{9E06F43B-6DA1-4E6D-8222-999738E8AB67}.Release|Any CPU.ActiveCfg = Release|Any CPU
		{9E06F43B-6DA1-4E6D-8222-999738E8AB67}.Release|Any CPU.Build.0 = Release|Any CPU

		{276C4A31-C4BF-4490-8010-3F35D4B07E9F}.Debug|Any CPU.ActiveCfg = Debug|Any CPU
		{276C4A31-C4BF-4490-8010-3F35D4B07E9F}.Debug|Any CPU.Build.0 = Debug|Any CPU
		{276C4A31-C4BF-4490-8010-3F35D4B07E9F}.Release|Any CPU.ActiveCfg = Release|Any CPU
		{276C4A31-C4BF-4490-8010-3F35D4B07E9F}.Release|Any CPU.Build.0 = Release|Any CPU

		{26E78423-D5C9-4A8C-9F83-2B357727CA83}.Debug|Any CPU.ActiveCfg = Debug|Any CPU
		{26E78423-D5C9-4A8C-9F83-2B357727CA83}.Debug|Any CPU.Build.0 = Debug|Any CPU
		{26E78423-D5C9-4A8C-9F83-2B357727CA83}.Release|Any CPU.ActiveCfg = Release|Any CPU
		{26E78423-D5C9-4A8C-9F83-2B357727CA83}.Release|Any CPU.Build.0 = Release|Any CPU
	EndGlobalSection

	GlobalSection(SolutionProperties) = preSolution
		HideSolutionNode = FALSE
	EndGlobalSection
EndGlobal
